// !$*UTF8*$!
{
	archiveVersion = 1;
	classes = {
	};
	objectVersion = 77;
	objects = {

/* Begin PBXBuildFile section */
		06BD0DA0CF7CC9DFE19FE16D /* WishListViewModel.swift in Sources */ = {isa = PBXBuildFile; fileRef = 1AF7E5D59FD3A6B2900953D7 /* WishListViewModel.swift */; };
		0987F4E2B085DC0C9C44817D /* TrackWishViewModelTests.swift in Sources */ = {isa = PBXBuildFile; fileRef = 2E3BD2F738F16B23B8994BFD /* TrackWishViewModelTests.swift */; };
		0EC2FD4224AC1958CF9D7DEE /* GratiaApp.swift in Sources */ = {isa = PBXBuildFile; fileRef = D52E7A0A9E533CD1D6639EB1 /* GratiaApp.swift */; };
		112F16F129346471B7D2A585 /* Assets.xcassets in Resources */ = {isa = PBXBuildFile; fileRef = 1499A64B83A31383BB7736F2 /* Assets.xcassets */; };
		21B617B991630BAFEB5CDBD4 /* AccountAPIDefaults.swift in Sources */ = {isa = PBXBuildFile; fileRef = C868C46CB1E1DA7E38BE3DAF /* AccountAPIDefaults.swift */; };
		21F8DEAD1931168E73738A5D /* Models.swift in Sources */ = {isa = PBXBuildFile; fileRef = 72D2E259FDEE2E3DB0B2E8F1 /* Models.swift */; };
		2250F81DB572CCC7C34261AB /* WishResponseViewModelTests.swift in Sources */ = {isa = PBXBuildFile; fileRef = 3E606A18BF94217841CAC8C0 /* WishResponseViewModelTests.swift */; };
		3A975D1BB8F1FB4D09BA4767 /* PrivacyInfo.xcprivacy in Resources */ = {isa = PBXBuildFile; fileRef = 904CCFDC34CCEFA8B2934CDA /* PrivacyInfo.xcprivacy */; };
		3D5565C2A102345DE187038B /* DirectLoopSheets.swift in Sources */ = {isa = PBXBuildFile; fileRef = 367412C8CD688463EF20D212 /* DirectLoopSheets.swift */; };
		3EC9816FD81BFAE09EF1C747 /* ChatView.swift in Sources */ = {isa = PBXBuildFile; fileRef = 4202E8BED51315DCDE154C96 /* ChatView.swift */; };
		4020F96EA837D7CF4FCD395D /* InfoPlist.strings in Resources */ = {isa = PBXBuildFile; fileRef = 3528044807049C92C219ED7B /* InfoPlist.strings */; };
		41FF06E7DF0C1CA882C69BDB /* AccountActivityViewModel.swift in Sources */ = {isa = PBXBuildFile; fileRef = 1225DB309049E0134FAE3793 /* AccountActivityViewModel.swift */; };
		42979FC068C6085B915C278E /* ConversationsView.swift in Sources */ = {isa = PBXBuildFile; fileRef = A16F7B3238AC5635EFD408DF /* ConversationsView.swift */; };
		42C6DACE1AEA8ED50DECA68D /* DesignSystem.swift in Sources */ = {isa = PBXBuildFile; fileRef = A0B9BEAB790EF6ABA7760090 /* DesignSystem.swift */; };
		53F2BAD7C44C477B7114CE3B /* StoryFeedViewModel.swift in Sources */ = {isa = PBXBuildFile; fileRef = 2A97A30DFD6F668F1CFA31A4 /* StoryFeedViewModel.swift */; };
		5432C543EB8E7E0D7BBA860F /* TrackWishViewModel.swift in Sources */ = {isa = PBXBuildFile; fileRef = 53DBF5E9E41DBD4BC73D8496 /* TrackWishViewModel.swift */; };
		5644D799C5217E9F272A42FE /* AccountSectionView.swift in Sources */ = {isa = PBXBuildFile; fileRef = 08BFAC383603EACB45D510E4 /* AccountSectionView.swift */; };
		56D705D597162DD2036787D7 /* WishResponseViewModel.swift in Sources */ = {isa = PBXBuildFile; fileRef = 14F3360BE51627B3FE2F5148 /* WishResponseViewModel.swift */; };
		5E046551DD02EADC1C35AD8E /* HomeView.swift in Sources */ = {isa = PBXBuildFile; fileRef = 3C7363214C62CFFF8D99A790 /* HomeView.swift */; };
		66166BD4D6B9358F1056E918 /* ProfileView.swift in Sources */ = {isa = PBXBuildFile; fileRef = 77C2F7482E67E46A0D063A27 /* ProfileView.swift */; };
		7708594615255E1C566EF18E /* SessionStore.swift in Sources */ = {isa = PBXBuildFile; fileRef = E293CB61121C6103E49CAA85 /* SessionStore.swift */; };
		8078745D4A8F8190DEF866B6 /* ContentView.swift in Sources */ = {isa = PBXBuildFile; fileRef = 021B94A2D7B0CE8E42985D6A /* ContentView.swift */; };
		925BCCF3EFC1B9791A3BA582 /* WishListViewModelTests.swift in Sources */ = {isa = PBXBuildFile; fileRef = 5839488E244CE671E720CE8F /* WishListViewModelTests.swift */; };
		93D16354C4FE7B6652E62F7B /* StoryFeed.swift in Sources */ = {isa = PBXBuildFile; fileRef = EDCF307D9312D06426E08E89 /* StoryFeed.swift */; };
		9919FBEF7C156A3000BD3647 /* GratiaCore in Frameworks */ = {isa = PBXBuildFile; productRef = 06F32FD69253B2EE0DBF49A7 /* GratiaCore */; };
		B2BED8AC974761E66283F3CC /* DeliveryPreviewView.swift in Sources */ = {isa = PBXBuildFile; fileRef = 219E130EB02AFF224A486806 /* DeliveryPreviewView.swift */; };
		CB00A9981798886EB38DBACD /* SearchView.swift in Sources */ = {isa = PBXBuildFile; fileRef = 09CC6A62D3BF41E1747BC893 /* SearchView.swift */; };
		CB15F0F28EB1937AD1357F72 /* PublishView.swift in Sources */ = {isa = PBXBuildFile; fileRef = B27A98F463E8A70126C14D6A /* PublishView.swift */; };
		CBD12E84900B7BB55F3CC3DA /* PublishWishViewModel.swift in Sources */ = {isa = PBXBuildFile; fileRef = 243A2E7E364EFDC484724D5E /* PublishWishViewModel.swift */; };
		CCD8833B5883B14B61291507 /* PublishWishViewModelTests.swift in Sources */ = {isa = PBXBuildFile; fileRef = B2279F88B010B7F68495CAD5 /* PublishWishViewModelTests.swift */; };
		CCE05391195D590BAE86270D /* AccountViewModel.swift in Sources */ = {isa = PBXBuildFile; fileRef = 9562D6D4180134409D0E9662 /* AccountViewModel.swift */; };
		D4A55551B8948B45E05DBEB0 /* SwiftUI+Compat.swift in Sources */ = {isa = PBXBuildFile; fileRef = 49D0426049FB3FBE7155C46D /* SwiftUI+Compat.swift */; };
		E79E2361FE0424BC26618E45 /* ProgressView.swift in Sources */ = {isa = PBXBuildFile; fileRef = 278DAB8065683F8CB27FA482 /* ProgressView.swift */; };
		ECFB6972EB99A62A04B9EAD5 /* NearbyView.swift in Sources */ = {isa = PBXBuildFile; fileRef = 8F0300063F1ECF5FCF9BF2BB /* NearbyView.swift */; };
		EFA5096ED203FC98DDFA1CB8 /* DeliverySaver.swift in Sources */ = {isa = PBXBuildFile; fileRef = 45E8E6280BC2E6F8D9DB5986 /* DeliverySaver.swift */; };
/* End PBXBuildFile section */

/* Begin PBXContainerItemProxy section */
		1307E20264CD6BF561485F43 /* PBXContainerItemProxy */ = {
			isa = PBXContainerItemProxy;
			containerPortal = 149A2EA83F6264436C8F09AF /* Project object */;
			proxyType = 1;
			remoteGlobalIDString = 2D70D287AE23B7EFE3102658;
			remoteInfo = Gratia;
		};
/* End PBXContainerItemProxy section */

/* Begin PBXFileReference section */
		021B94A2D7B0CE8E42985D6A /* ContentView.swift */ = {isa = PBXFileReference; lastKnownFileType = sourcecode.swift; path = ContentView.swift; sourceTree = "<group>"; };
		02CA735DD53638A321DCF20F /* zh-Hans */ = {isa = PBXFileReference; lastKnownFileType = text.plist.strings; name = "zh-Hans"; path = "zh-Hans.lproj/InfoPlist.strings"; sourceTree = "<group>"; };
		08BFAC383603EACB45D510E4 /* AccountSectionView.swift */ = {isa = PBXFileReference; lastKnownFileType = sourcecode.swift; path = AccountSectionView.swift; sourceTree = "<group>"; };
		09CC6A62D3BF41E1747BC893 /* SearchView.swift */ = {isa = PBXFileReference; lastKnownFileType = sourcecode.swift; path = SearchView.swift; sourceTree = "<group>"; };
		1225DB309049E0134FAE3793 /* AccountActivityViewModel.swift */ = {isa = PBXFileReference; lastKnownFileType = sourcecode.swift; path = AccountActivityViewModel.swift; sourceTree = "<group>"; };
		1499A64B83A31383BB7736F2 /* Assets.xcassets */ = {isa = PBXFileReference; lastKnownFileType = folder.assetcatalog; path = Assets.xcassets; sourceTree = "<group>"; };
		14F3360BE51627B3FE2F5148 /* WishResponseViewModel.swift */ = {isa = PBXFileReference; lastKnownFileType = sourcecode.swift; path = WishResponseViewModel.swift; sourceTree = "<group>"; };
		1865459B3D0E5FD55EC84318 /* Info.plist */ = {isa = PBXFileReference; lastKnownFileType = text.plist; path = Info.plist; sourceTree = "<group>"; };
		1AF7E5D59FD3A6B2900953D7 /* WishListViewModel.swift */ = {isa = PBXFileReference; lastKnownFileType = sourcecode.swift; path = WishListViewModel.swift; sourceTree = "<group>"; };
		219E130EB02AFF224A486806 /* DeliveryPreviewView.swift */ = {isa = PBXFileReference; lastKnownFileType = sourcecode.swift; path = DeliveryPreviewView.swift; sourceTree = "<group>"; };
		243A2E7E364EFDC484724D5E /* PublishWishViewModel.swift */ = {isa = PBXFileReference; lastKnownFileType = sourcecode.swift; path = PublishWishViewModel.swift; sourceTree = "<group>"; };
		278DAB8065683F8CB27FA482 /* ProgressView.swift */ = {isa = PBXFileReference; lastKnownFileType = sourcecode.swift; path = ProgressView.swift; sourceTree = "<group>"; };
		2A97A30DFD6F668F1CFA31A4 /* StoryFeedViewModel.swift */ = {isa = PBXFileReference; lastKnownFileType = sourcecode.swift; path = StoryFeedViewModel.swift; sourceTree = "<group>"; };
		2E3BD2F738F16B23B8994BFD /* TrackWishViewModelTests.swift */ = {isa = PBXFileReference; lastKnownFileType = sourcecode.swift; path = TrackWishViewModelTests.swift; sourceTree = "<group>"; };
		367412C8CD688463EF20D212 /* DirectLoopSheets.swift */ = {isa = PBXFileReference; lastKnownFileType = sourcecode.swift; path = DirectLoopSheets.swift; sourceTree = "<group>"; };
		3C7363214C62CFFF8D99A790 /* HomeView.swift */ = {isa = PBXFileReference; lastKnownFileType = sourcecode.swift; path = HomeView.swift; sourceTree = "<group>"; };
		3E606A18BF94217841CAC8C0 /* WishResponseViewModelTests.swift */ = {isa = PBXFileReference; lastKnownFileType = sourcecode.swift; path = WishResponseViewModelTests.swift; sourceTree = "<group>"; };
		4202E8BED51315DCDE154C96 /* ChatView.swift */ = {isa = PBXFileReference; lastKnownFileType = sourcecode.swift; path = ChatView.swift; sourceTree = "<group>"; };
		45E8E6280BC2E6F8D9DB5986 /* DeliverySaver.swift */ = {isa = PBXFileReference; lastKnownFileType = sourcecode.swift; path = DeliverySaver.swift; sourceTree = "<group>"; };
		49D0426049FB3FBE7155C46D /* SwiftUI+Compat.swift */ = {isa = PBXFileReference; lastKnownFileType = sourcecode.swift; path = "SwiftUI+Compat.swift"; sourceTree = "<group>"; };
		53DBF5E9E41DBD4BC73D8496 /* TrackWishViewModel.swift */ = {isa = PBXFileReference; lastKnownFileType = sourcecode.swift; path = TrackWishViewModel.swift; sourceTree = "<group>"; };
		5839488E244CE671E720CE8F /* WishListViewModelTests.swift */ = {isa = PBXFileReference; lastKnownFileType = sourcecode.swift; path = WishListViewModelTests.swift; sourceTree = "<group>"; };
		5F8D2C1CC4B1A67A863D3FB6 /* GratiaTests.xctest */ = {isa = PBXFileReference; includeInIndex = 0; lastKnownFileType = wrapper.cfbundle; path = GratiaTests.xctest; sourceTree = BUILT_PRODUCTS_DIR; };
		6A34F4B89C3B8F948FE90EF9 /* GratiaCore */ = {isa = PBXFileReference; lastKnownFileType = folder; name = GratiaCore; path = Packages/GratiaCore; sourceTree = SOURCE_ROOT; };
		72D2E259FDEE2E3DB0B2E8F1 /* Models.swift */ = {isa = PBXFileReference; lastKnownFileType = sourcecode.swift; path = Models.swift; sourceTree = "<group>"; };
		77C2F7482E67E46A0D063A27 /* ProfileView.swift */ = {isa = PBXFileReference; lastKnownFileType = sourcecode.swift; path = ProfileView.swift; sourceTree = "<group>"; };
		8F0300063F1ECF5FCF9BF2BB /* NearbyView.swift */ = {isa = PBXFileReference; lastKnownFileType = sourcecode.swift; path = NearbyView.swift; sourceTree = "<group>"; };
		904CCFDC34CCEFA8B2934CDA /* PrivacyInfo.xcprivacy */ = {isa = PBXFileReference; path = PrivacyInfo.xcprivacy; sourceTree = "<group>"; };
		9562D6D4180134409D0E9662 /* AccountViewModel.swift */ = {isa = PBXFileReference; lastKnownFileType = sourcecode.swift; path = AccountViewModel.swift; sourceTree = "<group>"; };
		A04EC2E09A19495B37591E32 /* en */ = {isa = PBXFileReference; lastKnownFileType = text.plist.strings; name = en; path = en.lproj/InfoPlist.strings; sourceTree = "<group>"; };
		A0B9BEAB790EF6ABA7760090 /* DesignSystem.swift */ = {isa = PBXFileReference; lastKnownFileType = sourcecode.swift; path = DesignSystem.swift; sourceTree = "<group>"; };
		A16F7B3238AC5635EFD408DF /* ConversationsView.swift */ = {isa = PBXFileReference; lastKnownFileType = sourcecode.swift; path = ConversationsView.swift; sourceTree = "<group>"; };
		A208952E64751E3F6A1FF44B /* Gratia.app */ = {isa = PBXFileReference; includeInIndex = 0; lastKnownFileType = wrapper.application; path = Gratia.app; sourceTree = BUILT_PRODUCTS_DIR; };
		B2279F88B010B7F68495CAD5 /* PublishWishViewModelTests.swift */ = {isa = PBXFileReference; lastKnownFileType = sourcecode.swift; path = PublishWishViewModelTests.swift; sourceTree = "<group>"; };
		B27A98F463E8A70126C14D6A /* PublishView.swift */ = {isa = PBXFileReference; lastKnownFileType = sourcecode.swift; path = PublishView.swift; sourceTree = "<group>"; };
		C868C46CB1E1DA7E38BE3DAF /* AccountAPIDefaults.swift */ = {isa = PBXFileReference; lastKnownFileType = sourcecode.swift; path = AccountAPIDefaults.swift; sourceTree = "<group>"; };
		D52E7A0A9E533CD1D6639EB1 /* GratiaApp.swift */ = {isa = PBXFileReference; lastKnownFileType = sourcecode.swift; path = GratiaApp.swift; sourceTree = "<group>"; };
		E293CB61121C6103E49CAA85 /* SessionStore.swift */ = {isa = PBXFileReference; lastKnownFileType = sourcecode.swift; path = SessionStore.swift; sourceTree = "<group>"; };
		EDCF307D9312D06426E08E89 /* StoryFeed.swift */ = {isa = PBXFileReference; lastKnownFileType = sourcecode.swift; path = StoryFeed.swift; sourceTree = "<group>"; };
		F82C42C243F0C04E5113F5FB /* Gratia.entitlements */ = {isa = PBXFileReference; lastKnownFileType = text.plist.entitlements; path = Gratia.entitlements; sourceTree = "<group>"; };
/* End PBXFileReference section */

/* Begin PBXFrameworksBuildPhase section */
		975DF0BA9004DBA1EE7ED942 /* Frameworks */ = {
			isa = PBXFrameworksBuildPhase;
			buildActionMask = 2147483647;
			files = (
				9919FBEF7C156A3000BD3647 /* GratiaCore in Frameworks */,
			);
			runOnlyForDeploymentPostprocessing = 0;
		};
/* End PBXFrameworksBuildPhase section */

/* Begin PBXGroup section */
		087E52D66FE549FD60D9AB71 /* Gratia */ = {
			isa = PBXGroup;
			children = (
				1225DB309049E0134FAE3793 /* AccountActivityViewModel.swift */,
				08BFAC383603EACB45D510E4 /* AccountSectionView.swift */,
				9562D6D4180134409D0E9662 /* AccountViewModel.swift */,
				1499A64B83A31383BB7736F2 /* Assets.xcassets */,
				4202E8BED51315DCDE154C96 /* ChatView.swift */,
				021B94A2D7B0CE8E42985D6A /* ContentView.swift */,
				A16F7B3238AC5635EFD408DF /* ConversationsView.swift */,
				219E130EB02AFF224A486806 /* DeliveryPreviewView.swift */,
				45E8E6280BC2E6F8D9DB5986 /* DeliverySaver.swift */,
				A0B9BEAB790EF6ABA7760090 /* DesignSystem.swift */,
				367412C8CD688463EF20D212 /* DirectLoopSheets.swift */,
				F82C42C243F0C04E5113F5FB /* Gratia.entitlements */,
				D52E7A0A9E533CD1D6639EB1 /* GratiaApp.swift */,
				3C7363214C62CFFF8D99A790 /* HomeView.swift */,
				1865459B3D0E5FD55EC84318 /* Info.plist */,
				72D2E259FDEE2E3DB0B2E8F1 /* Models.swift */,
				8F0300063F1ECF5FCF9BF2BB /* NearbyView.swift */,
				904CCFDC34CCEFA8B2934CDA /* PrivacyInfo.xcprivacy */,
				77C2F7482E67E46A0D063A27 /* ProfileView.swift */,
				278DAB8065683F8CB27FA482 /* ProgressView.swift */,
				B27A98F463E8A70126C14D6A /* PublishView.swift */,
				243A2E7E364EFDC484724D5E /* PublishWishViewModel.swift */,
				09CC6A62D3BF41E1747BC893 /* SearchView.swift */,
				E293CB61121C6103E49CAA85 /* SessionStore.swift */,
				EDCF307D9312D06426E08E89 /* StoryFeed.swift */,
				2A97A30DFD6F668F1CFA31A4 /* StoryFeedViewModel.swift */,
				49D0426049FB3FBE7155C46D /* SwiftUI+Compat.swift */,
				53DBF5E9E41DBD4BC73D8496 /* TrackWishViewModel.swift */,
				1AF7E5D59FD3A6B2900953D7 /* WishListViewModel.swift */,
				14F3360BE51627B3FE2F5148 /* WishResponseViewModel.swift */,
				3528044807049C92C219ED7B /* InfoPlist.strings */,
			);
			path = Gratia;
			sourceTree = "<group>";
		};
		2F36387EC01439AC4D1E5C5D /* Products */ = {
			isa = PBXGroup;
			children = (
				A208952E64751E3F6A1FF44B /* Gratia.app */,
				5F8D2C1CC4B1A67A863D3FB6 /* GratiaTests.xctest */,
			);
			name = Products;
			sourceTree = "<group>";
		};
		5995CABE464B5FC8B835DEF9 = {
			isa = PBXGroup;
			children = (
				087E52D66FE549FD60D9AB71 /* Gratia */,
				D78C2AA0243877DEB590D25B /* GratiaTests */,
				6B97BB68EEFEDE3794680C31 /* Packages */,
				2F36387EC01439AC4D1E5C5D /* Products */,
			);
			sourceTree = "<group>";
		};
		6B97BB68EEFEDE3794680C31 /* Packages */ = {
			isa = PBXGroup;
			children = (
				6A34F4B89C3B8F948FE90EF9 /* GratiaCore */,
			);
			path = Packages;
			sourceTree = "<group>";
		};
		D78C2AA0243877DEB590D25B /* GratiaTests */ = {
			isa = PBXGroup;
			children = (
				C868C46CB1E1DA7E38BE3DAF /* AccountAPIDefaults.swift */,
				B2279F88B010B7F68495CAD5 /* PublishWishViewModelTests.swift */,
				2E3BD2F738F16B23B8994BFD /* TrackWishViewModelTests.swift */,
				5839488E244CE671E720CE8F /* WishListViewModelTests.swift */,
				3E606A18BF94217841CAC8C0 /* WishResponseViewModelTests.swift */,
			);
			path = GratiaTests;
			sourceTree = "<group>";
		};
/* End PBXGroup section */

/* Begin PBXNativeTarget section */
		2D70D287AE23B7EFE3102658 /* Gratia */ = {
			isa = PBXNativeTarget;
			buildConfigurationList = 5FDD6CAB5F3CC741323B2A9F /* Build configuration list for PBXNativeTarget "Gratia" */;
			buildPhases = (
				864A43DF3FB2730713B05AA8 /* Sources */,
				5D1188E08A1886BDC06A7D7B /* Resources */,
				975DF0BA9004DBA1EE7ED942 /* Frameworks */,
			);
			buildRules = (
			);
			dependencies = (
			);
			name = Gratia;
			packageProductDependencies = (
				06F32FD69253B2EE0DBF49A7 /* GratiaCore */,
			);
			productName = Gratia;
			productReference = A208952E64751E3F6A1FF44B /* Gratia.app */;
			productType = "com.apple.product-type.application";
		};
		778055E8547CEF4B7EB65FE7 /* GratiaTests */ = {
			isa = PBXNativeTarget;
			buildConfigurationList = 2F52D1D9F153FA56E5F285C5 /* Build configuration list for PBXNativeTarget "GratiaTests" */;
			buildPhases = (
				AD9C96FDAC9E063719AC8D26 /* Sources */,
			);
			buildRules = (
			);
			dependencies = (
				20799FD6C9C28D4EAB92E961 /* PBXTargetDependency */,
			);
			name = GratiaTests;
			packageProductDependencies = (
			);
			productName = GratiaTests;
			productReference = 5F8D2C1CC4B1A67A863D3FB6 /* GratiaTests.xctest */;
			productType = "com.apple.product-type.bundle.unit-test";
		};
/* End PBXNativeTarget section */

/* Begin PBXProject section */
		149A2EA83F6264436C8F09AF /* Project object */ = {
			isa = PBXProject;
			attributes = {
				BuildIndependentTargetsInParallel = YES;
				LastUpgradeCheck = 1430;
				TargetAttributes = {
				};
			};
			buildConfigurationList = DEFC5FC7F044DE68D631F8CE /* Build configuration list for PBXProject "Gratia" */;
			developmentRegion = en;
			hasScannedForEncodings = 0;
			knownRegions = (
				Base,
				en,
				"zh-Hans",
			);
			mainGroup = 5995CABE464B5FC8B835DEF9;
			minimizedProjectReferenceProxies = 1;
			packageReferences = (
				D963572DC956901681C10023 /* XCLocalSwiftPackageReference "Packages/GratiaCore" */,
			);
			preferredProjectObjectVersion = 77;
			productRefGroup = 2F36387EC01439AC4D1E5C5D /* Products */;
			projectDirPath = "";
			projectRoot = "";
			targets = (
				2D70D287AE23B7EFE3102658 /* Gratia */,
				778055E8547CEF4B7EB65FE7 /* GratiaTests */,
			);
		};
/* End PBXProject section */

/* Begin PBXResourcesBuildPhase section */
		5D1188E08A1886BDC06A7D7B /* Resources */ = {
			isa = PBXResourcesBuildPhase;
			buildActionMask = 2147483647;
			files = (
				112F16F129346471B7D2A585 /* Assets.xcassets in Resources */,
				4020F96EA837D7CF4FCD395D /* InfoPlist.strings in Resources */,
				3A975D1BB8F1FB4D09BA4767 /* PrivacyInfo.xcprivacy in Resources */,
			);
			runOnlyForDeploymentPostprocessing = 0;
		};
/* End PBXResourcesBuildPhase section */

/* Begin PBXSourcesBuildPhase section */
		864A43DF3FB2730713B05AA8 /* Sources */ = {
			isa = PBXSourcesBuildPhase;
			buildActionMask = 2147483647;
			files = (
				41FF06E7DF0C1CA882C69BDB /* AccountActivityViewModel.swift in Sources */,
				5644D799C5217E9F272A42FE /* AccountSectionView.swift in Sources */,
				CCE05391195D590BAE86270D /* AccountViewModel.swift in Sources */,
				3EC9816FD81BFAE09EF1C747 /* ChatView.swift in Sources */,
				8078745D4A8F8190DEF866B6 /* ContentView.swift in Sources */,
				42979FC068C6085B915C278E /* ConversationsView.swift in Sources */,
				B2BED8AC974761E66283F3CC /* DeliveryPreviewView.swift in Sources */,
				EFA5096ED203FC98DDFA1CB8 /* DeliverySaver.swift in Sources */,
				42C6DACE1AEA8ED50DECA68D /* DesignSystem.swift in Sources */,
				3D5565C2A102345DE187038B /* DirectLoopSheets.swift in Sources */,
				0EC2FD4224AC1958CF9D7DEE /* GratiaApp.swift in Sources */,
				5E046551DD02EADC1C35AD8E /* HomeView.swift in Sources */,
				21F8DEAD1931168E73738A5D /* Models.swift in Sources */,
				ECFB6972EB99A62A04B9EAD5 /* NearbyView.swift in Sources */,
				66166BD4D6B9358F1056E918 /* ProfileView.swift in Sources */,
				E79E2361FE0424BC26618E45 /* ProgressView.swift in Sources */,
				CB15F0F28EB1937AD1357F72 /* PublishView.swift in Sources */,
				CBD12E84900B7BB55F3CC3DA /* PublishWishViewModel.swift in Sources */,
				CB00A9981798886EB38DBACD /* SearchView.swift in Sources */,
				7708594615255E1C566EF18E /* SessionStore.swift in Sources */,
				93D16354C4FE7B6652E62F7B /* StoryFeed.swift in Sources */,
				53F2BAD7C44C477B7114CE3B /* StoryFeedViewModel.swift in Sources */,
				D4A55551B8948B45E05DBEB0 /* SwiftUI+Compat.swift in Sources */,
				5432C543EB8E7E0D7BBA860F /* TrackWishViewModel.swift in Sources */,
				06BD0DA0CF7CC9DFE19FE16D /* WishListViewModel.swift in Sources */,
				56D705D597162DD2036787D7 /* WishResponseViewModel.swift in Sources */,
			);
			runOnlyForDeploymentPostprocessing = 0;
		};
		AD9C96FDAC9E063719AC8D26 /* Sources */ = {
			isa = PBXSourcesBuildPhase;
			buildActionMask = 2147483647;
			files = (
				21B617B991630BAFEB5CDBD4 /* AccountAPIDefaults.swift in Sources */,
				CCD8833B5883B14B61291507 /* PublishWishViewModelTests.swift in Sources */,
				0987F4E2B085DC0C9C44817D /* TrackWishViewModelTests.swift in Sources */,
				925BCCF3EFC1B9791A3BA582 /* WishListViewModelTests.swift in Sources */,
				2250F81DB572CCC7C34261AB /* WishResponseViewModelTests.swift in Sources */,
			);
			runOnlyForDeploymentPostprocessing = 0;
		};
/* End PBXSourcesBuildPhase section */

/* Begin PBXTargetDependency section */
		20799FD6C9C28D4EAB92E961 /* PBXTargetDependency */ = {
			isa = PBXTargetDependency;
			target = 2D70D287AE23B7EFE3102658 /* Gratia */;
			targetProxy = 1307E20264CD6BF561485F43 /* PBXContainerItemProxy */;
		};
/* End PBXTargetDependency section */

/* Begin PBXVariantGroup section */
		3528044807049C92C219ED7B /* InfoPlist.strings */ = {
			isa = PBXVariantGroup;
			children = (
				A04EC2E09A19495B37591E32 /* en */,
				02CA735DD53638A321DCF20F /* zh-Hans */,
			);
			name = InfoPlist.strings;
			sourceTree = "<group>";
		};
/* End PBXVariantGroup section */

/* Begin XCBuildConfiguration section */
		3B2AD270C175A1FE0DBFA9D1 /* Release */ = {
			isa = XCBuildConfiguration;
			buildSettings = {
				ASSETCATALOG_COMPILER_APPICON_NAME = AppIcon;
				ASSETCATALOG_COMPILER_GLOBAL_ACCENT_COLOR_NAME = AccentColor;
				CODE_SIGN_ENTITLEMENTS = Gratia/Gratia.entitlements;
				CODE_SIGN_IDENTITY = "iPhone Developer";
				CURRENT_PROJECT_VERSION = 2;
				INFOPLIST_FILE = Gratia/Info.plist;
				IPHONEOS_DEPLOYMENT_TARGET = 18.0;
				LD_RUNPATH_SEARCH_PATHS = (
					"$(inherited)",
					"@executable_path/Frameworks",
				);
				MARKETING_VERSION = 1.0.0;
				PRODUCT_BUNDLE_IDENTIFIER = com.hanselzzh.gratia;
				SDKROOT = iphoneos;
				TARGETED_DEVICE_FAMILY = 1;
			};
			name = Release;
		};
		4F32524D0B3306F31EA113C3 /* Debug */ = {
			isa = XCBuildConfiguration;
			buildSettings = {
				ALWAYS_SEARCH_USER_PATHS = NO;
				CLANG_ANALYZER_NONNULL = YES;
				CLANG_ANALYZER_NUMBER_OBJECT_CONVERSION = YES_AGGRESSIVE;
				CLANG_CXX_LANGUAGE_STANDARD = "gnu++14";
				CLANG_CXX_LIBRARY = "libc++";
				CLANG_ENABLE_MODULES = YES;
				CLANG_ENABLE_OBJC_ARC = YES;
				CLANG_ENABLE_OBJC_WEAK = YES;
				CLANG_WARN_BLOCK_CAPTURE_AUTORELEASING = YES;
				CLANG_WARN_BOOL_CONVERSION = YES;
				CLANG_WARN_COMMA = YES;
				CLANG_WARN_CONSTANT_CONVERSION = YES;
				CLANG_WARN_DEPRECATED_OBJC_IMPLEMENTATIONS = YES;
				CLANG_WARN_DIRECT_OBJC_ISA_USAGE = YES_ERROR;
				CLANG_WARN_DOCUMENTATION_COMMENTS = YES;
				CLANG_WARN_EMPTY_BODY = YES;
				CLANG_WARN_ENUM_CONVERSION = YES;
				CLANG_WARN_INFINITE_RECURSION = YES;
				CLANG_WARN_INT_CONVERSION = YES;
				CLANG_WARN_NON_LITERAL_NULL_CONVERSION = YES;
				CLANG_WARN_OBJC_IMPLICIT_RETAIN_SELF = YES;
				CLANG_WARN_OBJC_LITERAL_CONVERSION = YES;
				CLANG_WARN_OBJC_ROOT_CLASS = YES_ERROR;
				CLANG_WARN_QUOTED_INCLUDE_IN_FRAMEWORK_HEADER = YES;
				CLANG_WARN_RANGE_LOOP_ANALYSIS = YES;
				CLANG_WARN_STRICT_PROTOTYPES = YES;
				CLANG_WARN_SUSPICIOUS_MOVE = YES;
				CLANG_WARN_UNGUARDED_AVAILABILITY = YES_AGGRESSIVE;
				CLANG_WARN_UNREACHABLE_CODE = YES;
				CLANG_WARN__DUPLICATE_METHOD_MATCH = YES;
				COPY_PHASE_STRIP = NO;
				DEBUG_INFORMATION_FORMAT = dwarf;
				ENABLE_STRICT_OBJC_MSGSEND = YES;
				ENABLE_TESTABILITY = YES;
				GCC_C_LANGUAGE_STANDARD = gnu11;
				GCC_DYNAMIC_NO_PIC = NO;
				GCC_NO_COMMON_BLOCKS = YES;
				GCC_OPTIMIZATION_LEVEL = 0;
				GCC_PREPROCESSOR_DEFINITIONS = (
					"$(inherited)",
					"DEBUG=1",
				);
				GCC_WARN_64_TO_32_BIT_CONVERSION = YES;
				GCC_WARN_ABOUT_RETURN_TYPE = YES_ERROR;
				GCC_WARN_UNDECLARED_SELECTOR = YES;
				GCC_WARN_UNINITIALIZED_AUTOS = YES_AGGRESSIVE;
				GCC_WARN_UNUSED_FUNCTION = YES;
				GCC_WARN_UNUSED_VARIABLE = YES;
				MTL_ENABLE_DEBUG_INFO = INCLUDE_SOURCE;
				MTL_FAST_MATH = YES;
				ONLY_ACTIVE_ARCH = YES;
				PRODUCT_NAME = "$(TARGET_NAME)";
				SDKROOT = iphoneos;
				SWIFT_ACTIVE_COMPILATION_CONDITIONS = DEBUG;
				SWIFT_OPTIMIZATION_LEVEL = "-Onone";
				SWIFT_VERSION = 5.0;
			};
			name = Debug;
		};
		79FD370EB1F19A78294C599E /* Release */ = {
			isa = XCBuildConfiguration;
			buildSettings = {
				ALWAYS_SEARCH_USER_PATHS = NO;
				CLANG_ANALYZER_NONNULL = YES;
				CLANG_ANALYZER_NUMBER_OBJECT_CONVERSION = YES_AGGRESSIVE;
				CLANG_CXX_LANGUAGE_STANDARD = "gnu++14";
				CLANG_CXX_LIBRARY = "libc++";
				CLANG_ENABLE_MODULES = YES;
				CLANG_ENABLE_OBJC_ARC = YES;
				CLANG_ENABLE_OBJC_WEAK = YES;
				CLANG_WARN_BLOCK_CAPTURE_AUTORELEASING = YES;
				CLANG_WARN_BOOL_CONVERSION = YES;
				CLANG_WARN_COMMA = YES;
				CLANG_WARN_CONSTANT_CONVERSION = YES;
				CLANG_WARN_DEPRECATED_OBJC_IMPLEMENTATIONS = YES;
				CLANG_WARN_DIRECT_OBJC_ISA_USAGE = YES_ERROR;
				CLANG_WARN_DOCUMENTATION_COMMENTS = YES;
				CLANG_WARN_EMPTY_BODY = YES;
				CLANG_WARN_ENUM_CONVERSION = YES;
				CLANG_WARN_INFINITE_RECURSION = YES;
				CLANG_WARN_INT_CONVERSION = YES;
				CLANG_WARN_NON_LITERAL_NULL_CONVERSION = YES;
				CLANG_WARN_OBJC_IMPLICIT_RETAIN_SELF = YES;
				CLANG_WARN_OBJC_LITERAL_CONVERSION = YES;
				CLANG_WARN_OBJC_ROOT_CLASS = YES_ERROR;
				CLANG_WARN_QUOTED_INCLUDE_IN_FRAMEWORK_HEADER = YES;
				CLANG_WARN_RANGE_LOOP_ANALYSIS = YES;
				CLANG_WARN_STRICT_PROTOTYPES = YES;
				CLANG_WARN_SUSPICIOUS_MOVE = YES;
				CLANG_WARN_UNGUARDED_AVAILABILITY = YES_AGGRESSIVE;
				CLANG_WARN_UNREACHABLE_CODE = YES;
				CLANG_WARN__DUPLICATE_METHOD_MATCH = YES;
				COPY_PHASE_STRIP = NO;
				DEBUG_INFORMATION_FORMAT = "dwarf-with-dsym";
				ENABLE_NS_ASSERTIONS = NO;
				ENABLE_STRICT_OBJC_MSGSEND = YES;
				GCC_C_LANGUAGE_STANDARD = gnu11;
				GCC_NO_COMMON_BLOCKS = YES;
				GCC_WARN_64_TO_32_BIT_CONVERSION = YES;
				GCC_WARN_ABOUT_RETURN_TYPE = YES_ERROR;
				GCC_WARN_UNDECLARED_SELECTOR = YES;
				GCC_WARN_UNINITIALIZED_AUTOS = YES_AGGRESSIVE;
				GCC_WARN_UNUSED_FUNCTION = YES;
				GCC_WARN_UNUSED_VARIABLE = YES;
				MTL_ENABLE_DEBUG_INFO = NO;
				MTL_FAST_MATH = YES;
				PRODUCT_NAME = "$(TARGET_NAME)";
				SDKROOT = iphoneos;
				SWIFT_COMPILATION_MODE = wholemodule;
				SWIFT_OPTIMIZATION_LEVEL = "-O";
				SWIFT_VERSION = 5.0;
			};
			name = Release;
		};
		7BAD870F152A0532F8957338 /* Debug */ = {
			isa = XCBuildConfiguration;
			buildSettings = {
				ASSETCATALOG_COMPILER_APPICON_NAME = AppIcon;
				ASSETCATALOG_COMPILER_GLOBAL_ACCENT_COLOR_NAME = AccentColor;
				CODE_SIGN_ENTITLEMENTS = Gratia/Gratia.entitlements;
				CODE_SIGN_IDENTITY = "iPhone Developer";
				CURRENT_PROJECT_VERSION = 2;
				INFOPLIST_FILE = Gratia/Info.plist;
				IPHONEOS_DEPLOYMENT_TARGET = 18.0;
				LD_RUNPATH_SEARCH_PATHS = (
					"$(inherited)",
					"@executable_path/Frameworks",
				);
				MARKETING_VERSION = 1.0.0;
				PRODUCT_BUNDLE_IDENTIFIER = com.hanselzzh.gratia;
				SDKROOT = iphoneos;
				TARGETED_DEVICE_FAMILY = 1;
			};
			name = Debug;
		};
		7C4BE927CB56318542AAD0F2 /* Release */ = {
			isa = XCBuildConfiguration;
			buildSettings = {
				BUNDLE_LOADER = "$(TEST_HOST)";
				GENERATE_INFOPLIST_FILE = YES;
				IPHONEOS_DEPLOYMENT_TARGET = 18.0;
				LD_RUNPATH_SEARCH_PATHS = (
					"$(inherited)",
					"@executable_path/Frameworks",
					"@loader_path/Frameworks",
				);
				PRODUCT_BUNDLE_IDENTIFIER = com.hanselzzh.GratiaTests;
				SDKROOT = iphoneos;
				TARGETED_DEVICE_FAMILY = "1,2";
				TEST_HOST = "$(BUILT_PRODUCTS_DIR)/Gratia.app/Gratia";
			};
			name = Release;
		};
		BAAA8F3AD19E011BED3500C3 /* Debug */ = {
			isa = XCBuildConfiguration;
			buildSettings = {
				BUNDLE_LOADER = "$(TEST_HOST)";
				GENERATE_INFOPLIST_FILE = YES;
				IPHONEOS_DEPLOYMENT_TARGET = 18.0;
				LD_RUNPATH_SEARCH_PATHS = (
					"$(inherited)",
					"@executable_path/Frameworks",
					"@loader_path/Frameworks",
				);
				PRODUCT_BUNDLE_IDENTIFIER = com.hanselzzh.GratiaTests;
				SDKROOT = iphoneos;
				TARGETED_DEVICE_FAMILY = "1,2";
				TEST_HOST = "$(BUILT_PRODUCTS_DIR)/Gratia.app/Gratia";
			};
			name = Debug;
		};
/* End XCBuildConfiguration section */

/* Begin XCConfigurationList section */
		2F52D1D9F153FA56E5F285C5 /* Build configuration list for PBXNativeTarget "GratiaTests" */ = {
			isa = XCConfigurationList;
			buildConfigurations = (
				BAAA8F3AD19E011BED3500C3 /* Debug */,
				7C4BE927CB56318542AAD0F2 /* Release */,
			);
			defaultConfigurationIsVisible = 0;
			defaultConfigurationName = Debug;
		};
		5FDD6CAB5F3CC741323B2A9F /* Build configuration list for PBXNativeTarget "Gratia" */ = {
			isa = XCConfigurationList;
			buildConfigurations = (
				7BAD870F152A0532F8957338 /* Debug */,
				3B2AD270C175A1FE0DBFA9D1 /* Release */,
			);
			defaultConfigurationIsVisible = 0;
			defaultConfigurationName = Debug;
		};
		DEFC5FC7F044DE68D631F8CE /* Build configuration list for PBXProject "Gratia" */ = {
			isa = XCConfigurationList;
			buildConfigurations = (
				4F32524D0B3306F31EA113C3 /* Debug */,
				79FD370EB1F19A78294C599E /* Release */,
			);
			defaultConfigurationIsVisible = 0;
			defaultConfigurationName = Debug;
		};
/* End XCConfigurationList section */

/* Begin XCLocalSwiftPackageReference section */
		D963572DC956901681C10023 /* XCLocalSwiftPackageReference "Packages/GratiaCore" */ = {
			isa = XCLocalSwiftPackageReference;
			relativePath = Packages/GratiaCore;
		};
/* End XCLocalSwiftPackageReference section */

/* Begin XCSwiftPackageProductDependency section */
		06F32FD69253B2EE0DBF49A7 /* GratiaCore */ = {
			isa = XCSwiftPackageProductDependency;
			productName = GratiaCore;
		};
/* End XCSwiftPackageProductDependency section */
	};
	rootObject = 149A2EA83F6264436C8F09AF /* Project object */;
}
